
Microsoft Visual Studio Solution File, Format Version 12.00
# Visual Studio 14
VisualStudioVersion = 14.0.23107.0
MinimumVisualStudioVersion = 10.0.40219.1
Project("{FAE04EC0-301F-11D3-BF4B-00C04F79EFBC}") = "ApiTienda", "ApiTienda\ApiTienda.csproj", "{E31CC67C-2EDD-434B-9345-A2311F71D291}"
EndProject
Project("{FAE04EC0-301F-11D3-BF4B-00C04F79EFBC}") = "Repositorio", "Repositorio\Repositorio.csproj", "{858E516D-AA61-4926-A520-D16F36136D88}"
EndProject
Project("{FAE04EC0-301F-11D3-BF4B-00C04F79EFBC}") = "RepositorioApiTienda", "RepositorioApiTienda\RepositorioApiTienda.csproj", "{8C6653B0-42DB-4126-ABEC-AD89187C1394}"
EndProject
Global
	GlobalSection(SolutionConfigurationPlatforms) = preSolution
		Debug|Any CPU = Debug|Any CPU
		Release|Any CPU = Release|Any CPU
	EndGlobalSection
	GlobalSection(ProjectConfigurationPlatforms) = postSolution
		{E31CC67C-2EDD-434B-9345-A2311F71D291}.Debug|Any CPU.ActiveCfg = Debug|Any CPU
		{E31CC67C-2EDD-434B-9345-A2311F71D291}.Debug|Any CPU.Build.0 = Debug|Any CPU
		{E31CC67C-2EDD-434B-9345-A2311F71D291}.Release|Any CPU.ActiveCfg = Release|Any CPU
		{E31CC67C-2EDD-434B-9345-A2311F71D291}.Release|Any CPU.Build.0 = Release|Any CPU
		{858E516D-AA61-4926-A520-D16F36136D88}.Debug|Any CPU.ActiveCfg = Debug|Any CPU
		{858E516D-AA61-4926-A520-D16F36136D88}.Debug|Any CPU.Build.0 = Debug|Any CPU
		{858E516D-AA61-4926-A520-D16F36136D88}.Release|Any CPU.ActiveCfg = Release|Any CPU
		{858E516D-AA61-4926-A520-D16F36136D88}.Release|Any CPU.Build.0 = Release|Any CPU
		{8C6653B0-42DB-4126-ABEC-AD89187C1394}.Debug|Any CPU.ActiveCfg = Debug|Any CPU
		{8C6653B0-42DB-4126-ABEC-AD89187C1394}.Debug|Any CPU.Build.0 = Debug|Any CPU
		{8C6653B0-42DB-4126-ABEC-AD89187C1394}.Release|Any CPU.ActiveCfg = Release|Any CPU
		{8C6653B0-42DB-4126-ABEC-AD89187C1394}.Release|Any CPU.Build.0 = Release|Any CPU
	EndGlobalSection
	GlobalSection(SolutionProperties) = preSolution
		HideSolutionNode = FALSE
	EndGlobalSection
	GlobalSection(TeamFoundationVersionControl) = preSolution
		SccNumberOfProjects = 4
		SccEnterpriseProvider = {4CA58AB2-18FA-4F8D-95D4-32DDF27D184C}
		SccTeamFoundationServer = https://eduflormir.visualstudio.com/defaultcollection
		SccLocalPath0 = .
		SccProjectUniqueName1 = ApiTienda\\ApiTienda.csproj
		SccProjectName1 = ApiTienda
		SccLocalPath1 = ApiTienda
		SccProjectUniqueName2 = Repositorio\\Repositorio.csproj
		SccProjectName2 = Repositorio
		SccLocalPath2 = Repositorio
		SccProjectUniqueName3 = RepositorioApiTienda\\RepositorioApiTienda.csproj
		SccProjectName3 = RepositorioApiTienda
		SccLocalPath3 = RepositorioApiTienda
	EndGlobalSection
EndGlobal
